
Microsoft Visual Studio Solution File, Format Version 12.00
# Visual Studio 15
VisualStudioVersion = 15.0.26124.0
MinimumVisualStudioVersion = 15.0.26124.0
Project("{FAE04EC0-301F-11D3-BF4B-00C04F79EFBC}") = "Domain", "Domain\Domain.csproj", "{1D41B9ED-4127-4A4F-9E10-11136218A029}"
EndProject
Project("{FAE04EC0-301F-11D3-BF4B-00C04F79EFBC}") = "Application", "Application\Application.csproj", "{9EC5EFCB-4D60-4584-B184-6C464C667A60}"
EndProject
Project("{FAE04EC0-301F-11D3-BF4B-00C04F79EFBC}") = "Persistence", "Persistence\Persistence.csproj", "{03C318D2-ABB9-4BE1-887B-3618DFBE7ACD}"
EndProject
Project("{FAE04EC0-301F-11D3-BF4B-00C04F79EFBC}") = "API", "Api\API.csproj", "{4E444444-E73B-4063-A47D-E28D23348F19}"
EndProject
Global
	GlobalSection(SolutionConfigurationPlatforms) = preSolution
		Debug|Any CPU = Debug|Any CPU
		Debug|x64 = Debug|x64
		Debug|x86 = Debug|x86
		Release|Any CPU = Release|Any CPU
		Release|x64 = Release|x64
		Release|x86 = Release|x86
	EndGlobalSection
	GlobalSection(SolutionProperties) = preSolution
		HideSolutionNode = FALSE
	EndGlobalSection
	GlobalSection(ProjectConfigurationPlatforms) = postSolution
		{1D41B9ED-4127-4A4F-9E10-11136218A029}.Debug|Any CPU.ActiveCfg = Debug|Any CPU
		{1D41B9ED-4127-4A4F-9E10-11136218A029}.Debug|Any CPU.Build.0 = Debug|Any CPU
		{1D41B9ED-4127-4A4F-9E10-11136218A029}.Debug|x64.ActiveCfg = Debug|Any CPU
		{1D41B9ED-4127-4A4F-9E10-11136218A029}.Debug|x64.Build.0 = Debug|Any CPU
		{1D41B9ED-4127-4A4F-9E10-11136218A029}.Debug|x86.ActiveCfg = Debug|Any CPU
		{1D41B9ED-4127-4A4F-9E10-11136218A029}.Debug|x86.Build.0 = Debug|Any CPU
		{1D41B9ED-4127-4A4F-9E10-11136218A029}.Release|Any CPU.ActiveCfg = Release|Any CPU
		{1D41B9ED-4127-4A4F-9E10-11136218A029}.Release|Any CPU.Build.0 = Release|Any CPU
		{1D41B9ED-4127-4A4F-9E10-11136218A029}.Release|x64.ActiveCfg = Release|Any CPU
		{1D41B9ED-4127-4A4F-9E10-11136218A029}.Release|x64.Build.0 = Release|Any CPU
		{1D41B9ED-4127-4A4F-9E10-11136218A029}.Release|x86.ActiveCfg = Release|Any CPU
		{1D41B9ED-4127-4A4F-9E10-11136218A029}.Release|x86.Build.0 = Release|Any CPU
		{9EC5EFCB-4D60-4584-B184-6C464C667A60}.Debug|Any CPU.ActiveCfg = Debug|Any CPU
		{9EC5EFCB-4D60-4584-B184-6C464C667A60}.Debug|Any CPU.Build.0 = Debug|Any CPU
		{9EC5EFCB-4D60-4584-B184-6C464C667A60}.Debug|x64.ActiveCfg = Debug|Any CPU
		{9EC5EFCB-4D60-4584-B184-6C464C667A60}.Debug|x64.Build.0 = Debug|Any CPU
		{9EC5EFCB-4D60-4584-B184-6C464C667A60}.Debug|x86.ActiveCfg = Debug|Any CPU
		{9EC5EFCB-4D60-4584-B184-6C464C667A60}.Debug|x86.Build.0 = Debug|Any CPU
		{9EC5EFCB-4D60-4584-B184-6C464C667A60}.Release|Any CPU.ActiveCfg = Release|Any CPU
		{9EC5EFCB-4D60-4584-B184-6C464C667A60}.Release|Any CPU.Build.0 = Release|Any CPU
		{9EC5EFCB-4D60-4584-B184-6C464C667A60}.Release|x64.ActiveCfg = Release|Any CPU
		{9EC5EFCB-4D60-4584-B184-6C464C667A60}.Release|x64.Build.0 = Release|Any CPU
		{9EC5EFCB-4D60-4584-B184-6C464C667A60}.Release|x86.ActiveCfg = Release|Any CPU
		{9EC5EFCB-4D60-4584-B184-6C464C667A60}.Release|x86.Build.0 = Release|Any CPU
		{03C318D2-ABB9-4BE1-887B-3618DFBE7ACD}.Debug|Any CPU.ActiveCfg = Debug|Any CPU
		{03C318D2-ABB9-4BE1-887B-3618DFBE7ACD}.Debug|Any CPU.Build.0 = Debug|Any CPU
		{03C318D2-ABB9-4BE1-887B-3618DFBE7ACD}.Debug|x64.ActiveCfg = Debug|Any CPU
		{03C318D2-ABB9-4BE1-887B-3618DFBE7ACD}.Debug|x64.Build.0 = Debug|Any CPU
		{03C318D2-ABB9-4BE1-887B-3618DFBE7ACD}.Debug|x86.ActiveCfg = Debug|Any CPU
		{03C318D2-ABB9-4BE1-887B-3618DFBE7ACD}.Debug|x86.Build.0 = Debug|Any CPU
		{03C318D2-ABB9-4BE1-887B-3618DFBE7ACD}.Release|Any CPU.ActiveCfg = Release|Any CPU
		{03C318D2-ABB9-4BE1-887B-3618DFBE7ACD}.Release|Any CPU.Build.0 = Release|Any CPU
		{03C318D2-ABB9-4BE1-887B-3618DFBE7ACD}.Release|x64.ActiveCfg = Release|Any CPU
		{03C318D2-ABB9-4BE1-887B-3618DFBE7ACD}.Release|x64.Build.0 = Release|Any CPU
		{03C318D2-ABB9-4BE1-887B-3618DFBE7ACD}.Release|x86.ActiveCfg = Release|Any CPU
		{03C318D2-ABB9-4BE1-887B-3618DFBE7ACD}.Release|x86.Build.0 = Release|Any CPU
		{4E444444-E73B-4063-A47D-E28D23348F19}.Debug|Any CPU.ActiveCfg = Debug|Any CPU
		{4E444444-E73B-4063-A47D-E28D23348F19}.Debug|Any CPU.Build.0 = Debug|Any CPU
		{4E444444-E73B-4063-A47D-E28D23348F19}.Debug|x64.ActiveCfg = Debug|Any CPU
		{4E444444-E73B-4063-A47D-E28D23348F19}.Debug|x64.Build.0 = Debug|Any CPU
		{4E444444-E73B-4063-A47D-E28D23348F19}.Debug|x86.ActiveCfg = Debug|Any CPU
		{4E444444-E73B-4063-A47D-E28D23348F19}.Debug|x86.Build.0 = Debug|Any CPU
		{4E444444-E73B-4063-A47D-E28D23348F19}.Release|Any CPU.ActiveCfg = Release|Any CPU
		{4E444444-E73B-4063-A47D-E28D23348F19}.Release|Any CPU.Build.0 = Release|Any CPU
		{4E444444-E73B-4063-A47D-E28D23348F19}.Release|x64.ActiveCfg = Release|Any CPU
		{4E444444-E73B-4063-A47D-E28D23348F19}.Release|x64.Build.0 = Release|Any CPU
		{4E444444-E73B-4063-A47D-E28D23348F19}.Release|x86.ActiveCfg = Release|Any CPU
		{4E444444-E73B-4063-A47D-E28D23348F19}.Release|x86.Build.0 = Release|Any CPU
	EndGlobalSection
EndGlobal
